<?xml version="1.0" encoding="utf-8"?>
<Project ToolsVersion="4.0" xmlns="http://schemas.microsoft.com/developer/msbuild/2003">
  <ItemGroup>
    <Filter Include="include">
      <UniqueIdentifier>{93995380-89BD-4b04-88EB-625FBE52EBFB}</UniqueIdentifier>
      <Extensions>h;hh;hpp;hxx;hm;inl;inc;xsd</Extensions>
    </Filter>
    <Filter Include="src">
      <UniqueIdentifier>{4FC737F1-C7A5-4376-A066-2A32D752A2FF}</UniqueIdentifier>
      <Extensions>cpp;c;cc;cxx;def;odl;idl;hpj;bat;asm;asmx</Extensions>
    </Filter>
  </ItemGroup>
  <ItemGroup>
    <ClInclude Include="include\Globals.h">
      <Filter>include</Filter>
    </ClInclude>
    <ClInclude Include="include\vcclasses.h">
      <Filter>include</Filter>
    </ClInclude>
    <ClInclude Include="include\renderware.h">
      <Filter>include</Filter>
    </ClInclude>
  </ItemGroup>
  <ItemGroup>
    <ClCompile Include="src\CRunningScript.cpp">
      <Filter>src</Filter>
    </ClCompile>
    <ClCompile Include="src\cAudioManager.cpp">
      <Filter>src</Filter>
    </ClCompile>
    <ClCompile Include="src\CTimer.cpp">
      <Filter>src</Filter>
    </ClCompile>
    <ClCompile Include="src\CWorld.cpp">
      <Filter>src</Filter>
    </ClCompile>
    <ClCompile Include="src\CTheScripts.cpp">
      <Filter>src</Filter>
    </ClCompile>
    <ClCompile Include="src\CUserDisplay.cpp">
      <Filter>src</Filter>
    </ClCompile>
    <ClCompile Include="src\CClock.cpp">
      <Filter>src</Filter>
    </ClCompile>
    <ClCompile Include="src\cDMAudio.cpp">
      <Filter>src</Filter>
    </ClCompile>
    <ClCompile Include="src\CFont.cpp">
      <Filter>src</Filter>
    </ClCompile>
    <ClCompile Include="src\CSprite2d.cpp">
      <Filter>src</Filter>
    </ClCompile>
    <ClCompile Include="src\CMessages.cpp">
      <Filter>src</Filter>
    </ClCompile>
    <ClCompile Include="src\CHud.cpp">
      <Filter>src</Filter>
    </ClCompile>
    <ClCompile Include="src\cSampleManager.cpp">
      <Filter>src</Filter>
    </ClCompile>
    <ClCompile Include="src\CTxdStore.cpp">
      <Filter>src</Filter>
    </ClCompile>
    <ClCompile Include="src\Globals.cpp">
      <Filter>src</Filter>
    </ClCompile>
    <ClCompile Include="src\CText.cpp">
      <Filter>src</Filter>
    </ClCompile>
    <ClCompile Include="src\CScrollBar.cpp">
      <Filter>src</Filter>
    </ClCompile>
    <ClCompile Include="src\CSprite.cpp">
      <Filter>src</Filter>
    </ClCompile>
    <ClCompile Include="src\CGeneral.cpp">
      <Filter>src</Filter>
    </ClCompile>
    <ClCompile Include="src\CCranes.cpp">
      <Filter>src</Filter>
    </ClCompile>
    <ClCompile Include="src\CAutomobile.cpp">
      <Filter>src</Filter>
    </ClCompile>
    <ClCompile Include="src\CDamageManager.cpp">
      <Filter>src</Filter>
    </ClCompile>
    <ClCompile Include="src\CEntity.cpp">
      <Filter>src</Filter>
    </ClCompile>
    <ClCompile Include="src\CExplosion.cpp">
      <Filter>src</Filter>
    </ClCompile>
    <ClCompile Include="src\CFireManager.cpp">
      <Filter>src</Filter>
    </ClCompile>
    <ClCompile Include="src\CGarages.cpp">
      <Filter>src</Filter>
    </ClCompile>
    <ClCompile Include="src\CPad.cpp">
      <Filter>src</Filter>
    </ClCompile>
    <ClCompile Include="src\CPed.cpp">
      <Filter>src</Filter>
    </ClCompile>
    <ClCompile Include="src\CStreaming.cpp">
      <Filter>src</Filter>
    </ClCompile>
    <ClCompile Include="src\CWanted.cpp">
      <Filter>src</Filter>
    </ClCompile>
    <ClCompile Include="src\CWeather.cpp">
      <Filter>src</Filter>
    </ClCompile>
    <ClCompile Include="src\CPools.cpp">
      <Filter>src</Filter>
    </ClCompile>
    <ClCompile Include="src\CMatrix.cpp">
      <Filter>src</Filter>
    </ClCompile>
    <ClCompile Include="src\CPhysical.cpp">
      <Filter>src</Filter>
    </ClCompile>
    <ClCompile Include="src\CVehicle.cpp">
      <Filter>src</Filter>
    </ClCompile>
    <ClCompile Include="src\CCamera.cpp">
      <Filter>src</Filter>
    </ClCompile>
    <ClCompile Include="src\CDarkel.cpp">
      <Filter>src</Filter>
    </ClCompile>
    <ClCompile Include="src\CRadar.cpp">
      <Filter>src</Filter>
    </ClCompile>
    <ClCompile Include="src\CPickups.cpp">
      <Filter>src</Filter>
    </ClCompile>
    <ClCompile Include="src\CPhoneInfo.cpp">
      <Filter>src</Filter>
    </ClCompile>
    <ClCompile Include="src\CRestart.cpp">
      <Filter>src</Filter>
    </ClCompile>
    <ClCompile Include="src\CWeaponInfo.cpp">
      <Filter>src</Filter>
    </ClCompile>
    <ClCompile Include="src\CMissionCleanup.cpp">
      <Filter>src</Filter>
    </ClCompile>
    <ClCompile Include="src\CProjectileInfo.cpp">
      <Filter>src</Filter>
    </ClCompile>
    <ClCompile Include="src\CTheZones.cpp">
      <Filter>src</Filter>
    </ClCompile>
    <ClCompile Include="src\CStats.cpp">
      <Filter>src</Filter>
    </ClCompile>
    <ClCompile Include="src\CPlaceable.cpp">
      <Filter>src</Filter>
    </ClCompile>
    <ClCompile Include="src\CCarCtrl.cpp">
      <Filter>src</Filter>
    </ClCompile>
    <ClCompile Include="src\CPathInfoForObject.cpp">
      <Filter>src</Filter>
    </ClCompile>
    <ClCompile Include="src\CPathFind.cpp">
      <Filter>src</Filter>
    </ClCompile>
    <ClCompile Include="src\RenderWare.cpp">
      <Filter>src</Filter>
    </ClCompile>
    <ClCompile Include="src\CRenderer.cpp">
      <Filter>src</Filter>
    </ClCompile>
    <ClCompile Include="src\CFileMgr.cpp">
      <Filter>src</Filter>
    </ClCompile>
    <ClCompile Include="src\CObject.cpp">
      <Filter>src</Filter>
    </ClCompile>
    <ClCompile Include="src\CGame.cpp">
      <Filter>src</Filter>
    </ClCompile>
    <ClCompile Include="src\CParticleObject.cpp">
      <Filter>src</Filter>
    </ClCompile>
    <ClCompile Include="src\CPointLights.cpp">
      <Filter>src</Filter>
    </ClCompile>
    <ClCompile Include="src\CParticle.cpp">
      <Filter>src</Filter>
    </ClCompile>
    <ClCompile Include="src\CShadows.cpp">
      <Filter>src</Filter>
    </ClCompile>
    <ClCompile Include="src\CGangs.cpp">
      <Filter>src</Filter>
    </ClCompile>
    <ClCompile Include="src\CPopulation.cpp">
      <Filter>src</Filter>
    </ClCompile>
    <ClCompile Include="src\CVehicleModelInfo.cpp">
      <Filter>src</Filter>
    </ClCompile>
    <ClCompile Include="src\CMenuManager.cpp">
      <Filter>src</Filter>
    </ClCompile>
    <ClCompile Include="src\CModelInfo.cpp">
      <Filter>src</Filter>
    </ClCompile>
    <ClCompile Include="src\CBoat.cpp">
      <Filter>src</Filter>
    </ClCompile>
    <ClCompile Include="src\CBike.cpp">
      <Filter>src</Filter>
    </ClCompile>
    <ClCompile Include="src\CBulletInfo.cpp">
      <Filter>src</Filter>
    </ClCompile>
    <ClCompile Include="src\CScriptPaths.cpp">
      <Filter>src</Filter>
    </ClCompile>
    <ClCompile Include="src\CGameLogic.cpp">
      <Filter>src</Filter>
    </ClCompile>
    <ClCompile Include="src\CTrafficLights.cpp">
      <Filter>src</Filter>
    </ClCompile>
    <ClCompile Include="src\CShinyTexts.cpp">
      <Filter>src</Filter>
    </ClCompile>
    <ClCompile Include="src\CWaterLevel.cpp">
      <Filter>src</Filter>
    </ClCompile>
    <ClCompile Include="src\CRecordDataForChase.cpp">
      <Filter>src</Filter>
    </ClCompile>
  </ItemGroup>
</Project>